// !$*UTF8*$!
{
	archiveVersion = 1;
	classes = {
	};
	objectVersion = 50;
	objects = {

/* Begin PBXBuildFile section */
		93A02F2B24578FFB00656733 /* AppDelegate.swift in Sources */ = {isa = PBXBuildFile; fileRef = 93A02F2A24578FFB00656733 /* AppDelegate.swift */; };
		93A02F2D24578FFB00656733 /* SceneDelegate.swift in Sources */ = {isa = PBXBuildFile; fileRef = 93A02F2C24578FFB00656733 /* SceneDelegate.swift */; };
		93A02F2F24578FFB00656733 /* ViewController.swift in Sources */ = {isa = PBXBuildFile; fileRef = 93A02F2E24578FFB00656733 /* ViewController.swift */; };
		93A02F3224578FFB00656733 /* Main.storyboard in Resources */ = {isa = PBXBuildFile; fileRef = 93A02F3024578FFB00656733 /* Main.storyboard */; };
		93A02F3424578FFC00656733 /* Assets.xcassets in Resources */ = {isa = PBXBuildFile; fileRef = 93A02F3324578FFC00656733 /* Assets.xcassets */; };
		93A02F3724578FFC00656733 /* LaunchScreen.storyboard in Resources */ = {isa = PBXBuildFile; fileRef = 93A02F3524578FFC00656733 /* LaunchScreen.storyboard */; };
		93A02F4224578FFC00656733 /* FirstTests.swift in Sources */ = {isa = PBXBuildFile; fileRef = 93A02F4124578FFC00656733 /* FirstTests.swift */; };
		93A02F4D2457901600656733 /* Hater.swift in Sources */ = {isa = PBXBuildFile; fileRef = 93A02F4C2457901600656733 /* Hater.swift */; };
		93A02F4F2457B61B00656733 /* Converter.swift in Sources */ = {isa = PBXBuildFile; fileRef = 93A02F4E2457B61B00656733 /* Converter.swift */; };
		93A02F512457B66F00656733 /* ConverterTests.swift in Sources */ = {isa = PBXBuildFile; fileRef = 93A02F502457B66F00656733 /* ConverterTests.swift */; };
		93A02F532457C22500656733 /* LifeCycleTests.swift in Sources */ = {isa = PBXBuildFile; fileRef = 93A02F522457C22500656733 /* LifeCycleTests.swift */; };
		93A02F552458DF6E00656733 /* ThrowingTests.swift in Sources */ = {isa = PBXBuildFile; fileRef = 93A02F542458DF6E00656733 /* ThrowingTests.swift */; };
/* End PBXBuildFile section */

/* Begin PBXContainerItemProxy section */
		93A02F3E24578FFC00656733 /* PBXContainerItemProxy */ = {
			isa = PBXContainerItemProxy;
			containerPortal = 93A02F1F24578FFB00656733 /* Project object */;
			proxyType = 1;
			remoteGlobalIDString = 93A02F2624578FFB00656733;
			remoteInfo = First;
		};
/* End PBXContainerItemProxy section */

/* Begin PBXFileReference section */
		93A02F2724578FFB00656733 /* First.app */ = {isa = PBXFileReference; explicitFileType = wrapper.application; includeInIndex = 0; path = First.app; sourceTree = BUILT_PRODUCTS_DIR; };
		93A02F2A24578FFB00656733 /* AppDelegate.swift */ = {isa = PBXFileReference; lastKnownFileType = sourcecode.swift; path = AppDelegate.swift; sourceTree = "<group>"; };
		93A02F2C24578FFB00656733 /* SceneDelegate.swift */ = {isa = PBXFileReference; lastKnownFileType = sourcecode.swift; path = SceneDelegate.swift; sourceTree = "<group>"; };
		93A02F2E24578FFB00656733 /* ViewController.swift */ = {isa = PBXFileReference; lastKnownFileType = sourcecode.swift; path = ViewController.swift; sourceTree = "<group>"; };
		93A02F3124578FFB00656733 /* Base */ = {isa = PBXFileReference; lastKnownFileType = file.storyboard; name = Base; path = Base.lproj/Main.storyboard; sourceTree = "<group>"; };
		93A02F3324578FFC00656733 /* Assets.xcassets */ = {isa = PBXFileReference; lastKnownFileType = folder.assetcatalog; path = Assets.xcassets; sourceTree = "<group>"; };
		93A02F3624578FFC00656733 /* Base */ = {isa = PBXFileReference; lastKnownFileType = file.storyboard; name = Base; path = Base.lproj/LaunchScreen.storyboard; sourceTree = "<group>"; };
		93A02F3824578FFC00656733 /* Info.plist */ = {isa = PBXFileReference; lastKnownFileType = text.plist.xml; path = Info.plist; sourceTree = "<group>"; };
		93A02F3D24578FFC00656733 /* FirstTests.xctest */ = {isa = PBXFileReference; explicitFileType = wrapper.cfbundle; includeInIndex = 0; path = FirstTests.xctest; sourceTree = BUILT_PRODUCTS_DIR; };
		93A02F4124578FFC00656733 /* FirstTests.swift */ = {isa = PBXFileReference; lastKnownFileType = sourcecode.swift; path = FirstTests.swift; sourceTree = "<group>"; };
		93A02F4324578FFC00656733 /* Info.plist */ = {isa = PBXFileReference; lastKnownFileType = text.plist.xml; path = Info.plist; sourceTree = "<group>"; };
		93A02F4C2457901600656733 /* Hater.swift */ = {isa = PBXFileReference; lastKnownFileType = sourcecode.swift; path = Hater.swift; sourceTree = "<group>"; };
		93A02F4E2457B61B00656733 /* Converter.swift */ = {isa = PBXFileReference; lastKnownFileType = sourcecode.swift; path = Converter.swift; sourceTree = "<group>"; };
		93A02F502457B66F00656733 /* ConverterTests.swift */ = {isa = PBXFileReference; lastKnownFileType = sourcecode.swift; path = ConverterTests.swift; sourceTree = "<group>"; };
		93A02F522457C22500656733 /* LifeCycleTests.swift */ = {isa = PBXFileReference; lastKnownFileType = sourcecode.swift; path = LifeCycleTests.swift; sourceTree = "<group>"; };
		93A02F542458DF6E00656733 /* ThrowingTests.swift */ = {isa = PBXFileReference; lastKnownFileType = sourcecode.swift; path = ThrowingTests.swift; sourceTree = "<group>"; };
/* End PBXFileReference section */

/* Begin PBXFrameworksBuildPhase section */
		93A02F2424578FFB00656733 /* Frameworks */ = {
			isa = PBXFrameworksBuildPhase;
			buildActionMask = 2147483647;
			files = (
			);
			runOnlyForDeploymentPostprocessing = 0;
		};
		93A02F3A24578FFC00656733 /* Frameworks */ = {
			isa = PBXFrameworksBuildPhase;
			buildActionMask = 2147483647;
			files = (
			);
			runOnlyForDeploymentPostprocessing = 0;
		};
/* End PBXFrameworksBuildPhase section */

/* Begin PBXGroup section */
		93A02F1E24578FFB00656733 = {
			isa = PBXGroup;
			children = (
				93A02F2924578FFB00656733 /* First */,
				93A02F4024578FFC00656733 /* FirstTests */,
				93A02F2824578FFB00656733 /* Products */,
			);
			sourceTree = "<group>";
		};
		93A02F2824578FFB00656733 /* Products */ = {
			isa = PBXGroup;
			children = (
				93A02F2724578FFB00656733 /* First.app */,
				93A02F3D24578FFC00656733 /* FirstTests.xctest */,
			);
			name = Products;
			sourceTree = "<group>";
		};
		93A02F2924578FFB00656733 /* First */ = {
			isa = PBXGroup;
			children = (
				93A02F2A24578FFB00656733 /* AppDelegate.swift */,
				93A02F2C24578FFB00656733 /* SceneDelegate.swift */,
				93A02F2E24578FFB00656733 /* ViewController.swift */,
				93A02F3024578FFB00656733 /* Main.storyboard */,
				93A02F3324578FFC00656733 /* Assets.xcassets */,
				93A02F3524578FFC00656733 /* LaunchScreen.storyboard */,
				93A02F3824578FFC00656733 /* Info.plist */,
				93A02F4C2457901600656733 /* Hater.swift */,
				93A02F4E2457B61B00656733 /* Converter.swift */,
			);
			path = First;
			sourceTree = "<group>";
		};
		93A02F4024578FFC00656733 /* FirstTests */ = {
			isa = PBXGroup;
			children = (
				93A02F4124578FFC00656733 /* FirstTests.swift */,
				93A02F4324578FFC00656733 /* Info.plist */,
				93A02F502457B66F00656733 /* ConverterTests.swift */,
				93A02F522457C22500656733 /* LifeCycleTests.swift */,
				93A02F542458DF6E00656733 /* ThrowingTests.swift */,
			);
			path = FirstTests;
			sourceTree = "<group>";
		};
/* End PBXGroup section */

/* Begin PBXNativeTarget section */
		93A02F2624578FFB00656733 /* First */ = {
			isa = PBXNativeTarget;
			buildConfigurationList = 93A02F4624578FFC00656733 /* Build configuration list for PBXNativeTarget "First" */;
			buildPhases = (
				93A02F2324578FFB00656733 /* Sources */,
				93A02F2424578FFB00656733 /* Frameworks */,
				93A02F2524578FFB00656733 /* Resources */,
			);
			buildRules = (
			);
			dependencies = (
			);
			name = First;
			productName = First;
			productReference = 93A02F2724578FFB00656733 /* First.app */;
			productType = "com.apple.product-type.application";
		};
		93A02F3C24578FFC00656733 /* FirstTests */ = {
			isa = PBXNativeTarget;
			buildConfigurationList = 93A02F4924578FFC00656733 /* Build configuration list for PBXNativeTarget "FirstTests" */;
			buildPhases = (
				93A02F3924578FFC00656733 /* Sources */,
				93A02F3A24578FFC00656733 /* Frameworks */,
				93A02F3B24578FFC00656733 /* Resources */,
			);
			buildRules = (
			);
			dependencies = (
				93A02F3F24578FFC00656733 /* PBXTargetDependency */,
			);
			name = FirstTests;
			productName = FirstTests;
			productReference = 93A02F3D24578FFC00656733 /* FirstTests.xctest */;
			productType = "com.apple.product-type.bundle.unit-test";
		};
/* End PBXNativeTarget section */

/* Begin PBXProject section */
		93A02F1F24578FFB00656733 /* Project object */ = {
			isa = PBXProject;
			attributes = {
				LastSwiftUpdateCheck = 1130;
				LastUpgradeCheck = 1130;
				ORGANIZATIONNAME = bryanCuevas;
				TargetAttributes = {
					93A02F2624578FFB00656733 = {
						CreatedOnToolsVersion = 11.3.1;
					};
					93A02F3C24578FFC00656733 = {
						CreatedOnToolsVersion = 11.3.1;
						TestTargetID = 93A02F2624578FFB00656733;
					};
				};
			};
			buildConfigurationList = 93A02F2224578FFB00656733 /* Build configuration list for PBXProject "First" */;
			compatibilityVersion = "Xcode 9.3";
			developmentRegion = en;
			hasScannedForEncodings = 0;
			knownRegions = (
				en,
				Base,
			);
			mainGroup = 93A02F1E24578FFB00656733;
			productRefGroup = 93A02F2824578FFB00656733 /* Products */;
			projectDirPath = "";
			projectRoot = "";
			targets = (
				93A02F2624578FFB00656733 /* First */,
				93A02F3C24578FFC00656733 /* FirstTests */,
			);
		};
/* End PBXProject section */

/* Begin PBXResourcesBuildPhase section */
		93A02F2524578FFB00656733 /* Resources */ = {
			isa = PBXResourcesBuildPhase;
			buildActionMask = 2147483647;
			files = (
				93A02F3724578FFC00656733 /* LaunchScreen.storyboard in Resources */,
				93A02F3424578FFC00656733 /* Assets.xcassets in Resources */,
				93A02F3224578FFB00656733 /* Main.storyboard in Resources */,
			);
			runOnlyForDeploymentPostprocessing = 0;
		};
		93A02F3B24578FFC00656733 /* Resources */ = {
			isa = PBXResourcesBuildPhase;
			buildActionMask = 2147483647;
			files = (
			);
			runOnlyForDeploymentPostprocessing = 0;
		};
/* End PBXResourcesBuildPhase section */

/* Begin PBXSourcesBuildPhase section */
		93A02F2324578FFB00656733 /* Sources */ = {
			isa = PBXSourcesBuildPhase;
			buildActionMask = 2147483647;
			files = (
				93A02F2F24578FFB00656733 /* ViewController.swift in Sources */,
				93A02F2B24578FFB00656733 /* AppDelegate.swift in Sources */,
				93A02F4D2457901600656733 /* Hater.swift in Sources */,
				93A02F2D24578FFB00656733 /* SceneDelegate.swift in Sources */,
				93A02F4F2457B61B00656733 /* Converter.swift in Sources */,
			);
			runOnlyForDeploymentPostprocessing = 0;
		};
		93A02F3924578FFC00656733 /* Sources */ = {
			isa = PBXSourcesBuildPhase;
			buildActionMask = 2147483647;
			files = (
				93A02F512457B66F00656733 /* ConverterTests.swift in Sources */,
				93A02F4224578FFC00656733 /* FirstTests.swift in Sources */,
				93A02F532457C22500656733 /* LifeCycleTests.swift in Sources */,
				93A02F552458DF6E00656733 /* ThrowingTests.swift in Sources */,
			);
			runOnlyForDeploymentPostprocessing = 0;
		};
/* End PBXSourcesBuildPhase section */

/* Begin PBXTargetDependency section */
		93A02F3F24578FFC00656733 /* PBXTargetDependency */ = {
			isa = PBXTargetDependency;
			target = 93A02F2624578FFB00656733 /* First */;
			targetProxy = 93A02F3E24578FFC00656733 /* PBXContainerItemProxy */;
		};
/* End PBXTargetDependency section */

/* Begin PBXVariantGroup section */
		93A02F3024578FFB00656733 /* Main.storyboard */ = {
			isa = PBXVariantGroup;
			children = (
				93A02F3124578FFB00656733 /* Base */,
			);
			name = Main.storyboard;
			sourceTree = "<group>";
		};
		93A02F3524578FFC00656733 /* LaunchScreen.storyboard */ = {
			isa = PBXVariantGroup;
			children = (
				93A02F3624578FFC00656733 /* Base */,
			);
			name = LaunchScreen.storyboard;
			sourceTree = "<group>";
		};
/* End PBXVariantGroup section */

/* Begin XCBuildConfiguration section */
		93A02F4424578FFC00656733 /* Debug */ = {
			isa = XCBuildConfiguration;
			buildSettings = {
				ALWAYS_SEARCH_USER_PATHS = NO;
				CLANG_ANALYZER_NONNULL = YES;
				CLANG_ANALYZER_NUMBER_OBJECT_CONVERSION = YES_AGGRESSIVE;
				CLANG_CXX_LANGUAGE_STANDARD = "gnu++14";
				CLANG_CXX_LIBRARY = "libc++";
				CLANG_ENABLE_MODULES = YES;
				CLANG_ENABLE_OBJC_ARC = YES;
				CLANG_ENABLE_OBJC_WEAK = YES;
				CLANG_WARN_BLOCK_CAPTURE_AUTORELEASING = YES;
				CLANG_WARN_BOOL_CONVERSION = YES;
				CLANG_WARN_COMMA = YES;
				CLANG_WARN_CONSTANT_CONVERSION = YES;
				CLANG_WARN_DEPRECATED_OBJC_IMPLEMENTATIONS = YES;
				CLANG_WARN_DIRECT_OBJC_ISA_USAGE = YES_ERROR;
				CLANG_WARN_DOCUMENTATION_COMMENTS = YES;
				CLANG_WARN_EMPTY_BODY = YES;
				CLANG_WARN_ENUM_CONVERSION = YES;
				CLANG_WARN_INFINITE_RECURSION = YES;
				CLANG_WARN_INT_CONVERSION = YES;
				CLANG_WARN_NON_LITERAL_NULL_CONVERSION = YES;
				CLANG_WARN_OBJC_IMPLICIT_RETAIN_SELF = YES;
				CLANG_WARN_OBJC_LITERAL_CONVERSION = YES;
				CLANG_WARN_OBJC_ROOT_CLASS = YES_ERROR;
				CLANG_WARN_RANGE_LOOP_ANALYSIS = YES;
				CLANG_WARN_STRICT_PROTOTYPES = YES;
				CLANG_WARN_SUSPICIOUS_MOVE = YES;
				CLANG_WARN_UNGUARDED_AVAILABILITY = YES_AGGRESSIVE;
				CLANG_WARN_UNREACHABLE_CODE = YES;
				CLANG_WARN__DUPLICATE_METHOD_MATCH = YES;
				COPY_PHASE_STRIP = NO;
				DEBUG_INFORMATION_FORMAT = dwarf;
				ENABLE_STRICT_OBJC_MSGSEND = YES;
				ENABLE_TESTABILITY = YES;
				GCC_C_LANGUAGE_STANDARD = gnu11;
				GCC_DYNAMIC_NO_PIC = NO;
				GCC_NO_COMMON_BLOCKS = YES;
				GCC_OPTIMIZATION_LEVEL = 0;
				GCC_PREPROCESSOR_DEFINITIONS = (
					"DEBUG=1",
					"$(inherited)",
				);
				GCC_WARN_64_TO_32_BIT_CONVERSION = YES;
				GCC_WARN_ABOUT_RETURN_TYPE = YES_ERROR;
				GCC_WARN_UNDECLARED_SELECTOR = YES;
				GCC_WARN_UNINITIALIZED_AUTOS = YES_AGGRESSIVE;
				GCC_WARN_UNUSED_FUNCTION = YES;
				GCC_WARN_UNUSED_VARIABLE = YES;
				IPHONEOS_DEPLOYMENT_TARGET = 13.2;
				MTL_ENABLE_DEBUG_INFO = INCLUDE_SOURCE;
				MTL_FAST_MATH = YES;
				ONLY_ACTIVE_ARCH = YES;
				SDKROOT = iphoneos;
				SWIFT_ACTIVE_COMPILATION_CONDITIONS = DEBUG;
				SWIFT_OPTIMIZATION_LEVEL = "-Onone";
			};
			name = Debug;
		};
		93A02F4524578FFC00656733 /* Release */ = {
			isa = XCBuildConfiguration;
			buildSettings = {
				ALWAYS_SEARCH_USER_PATHS = NO;
				CLANG_ANALYZER_NONNULL = YES;
				CLANG_ANALYZER_NUMBER_OBJECT_CONVERSION = YES_AGGRESSIVE;
				CLANG_CXX_LANGUAGE_STANDARD = "gnu++14";
				CLANG_CXX_LIBRARY = "libc++";
				CLANG_ENABLE_MODULES = YES;
				CLANG_ENABLE_OBJC_ARC = YES;
				CLANG_ENABLE_OBJC_WEAK = YES;
				CLANG_WARN_BLOCK_CAPTURE_AUTORELEASING = YES;
				CLANG_WARN_BOOL_CONVERSION = YES;
				CLANG_WARN_COMMA = YES;
				CLANG_WARN_CONSTANT_CONVERSION = YES;
				CLANG_WARN_DEPRECATED_OBJC_IMPLEMENTATIONS = YES;
				CLANG_WARN_DIRECT_OBJC_ISA_USAGE = YES_ERROR;
				CLANG_WARN_DOCUMENTATION_COMMENTS = YES;
				CLANG_WARN_EMPTY_BODY = YES;
				CLANG_WARN_ENUM_CONVERSION = YES;
				CLANG_WARN_INFINITE_RECURSION = YES;
				CLANG_WARN_INT_CONVERSION = YES;
				CLANG_WARN_NON_LITERAL_NULL_CONVERSION = YES;
				CLANG_WARN_OBJC_IMPLICIT_RETAIN_SELF = YES;
				CLANG_WARN_OBJC_LITERAL_CONVERSION = YES;
				CLANG_WARN_OBJC_ROOT_CLASS = YES_ERROR;
				CLANG_WARN_RANGE_LOOP_ANALYSIS = YES;
				CLANG_WARN_STRICT_PROTOTYPES = YES;
				CLANG_WARN_SUSPICIOUS_MOVE = YES;
				CLANG_WARN_UNGUARDED_AVAILABILITY = YES_AGGRESSIVE;
				CLANG_WARN_UNREACHABLE_CODE = YES;
				CLANG_WARN__DUPLICATE_METHOD_MATCH = YES;
				COPY_PHASE_STRIP = NO;
				DEBUG_INFORMATION_FORMAT = "dwarf-with-dsym";
				ENABLE_NS_ASSERTIONS = NO;
				ENABLE_STRICT_OBJC_MSGSEND = YES;
				GCC_C_LANGUAGE_STANDARD = gnu11;
				GCC_NO_COMMON_BLOCKS = YES;
				GCC_WARN_64_TO_32_BIT_CONVERSION = YES;
				GCC_WARN_ABOUT_RETURN_TYPE = YES_ERROR;
				GCC_WARN_UNDECLARED_SELECTOR = YES;
				GCC_WARN_UNINITIALIZED_AUTOS = YES_AGGRESSIVE;
				GCC_WARN_UNUSED_FUNCTION = YES;
				GCC_WARN_UNUSED_VARIABLE = YES;
				IPHONEOS_DEPLOYMENT_TARGET = 13.2;
				MTL_ENABLE_DEBUG_INFO = NO;
				MTL_FAST_MATH = YES;
				SDKROOT = iphoneos;
				SWIFT_COMPILATION_MODE = wholemodule;
				SWIFT_OPTIMIZATION_LEVEL = "-O";
				VALIDATE_PRODUCT = YES;
			};
			name = Release;
		};
		93A02F4724578FFC00656733 /* Debug */ = {
			isa = XCBuildConfiguration;
			buildSettings = {
				ASSETCATALOG_COMPILER_APPICON_NAME = AppIcon;
				CODE_SIGN_STYLE = Automatic;
				DEVELOPMENT_TEAM = RJL4W5Y8CA;
				INFOPLIST_FILE = First/Info.plist;
				LD_RUNPATH_SEARCH_PATHS = (
					"$(inherited)",
					"@executable_path/Frameworks",
				);
				PRODUCT_BUNDLE_IDENTIFIER = com.bryancuevas.First;
				PRODUCT_NAME = "$(TARGET_NAME)";
				SWIFT_VERSION = 5.0;
				TARGETED_DEVICE_FAMILY = "1,2";
			};
			name = Debug;
		};
		93A02F4824578FFC00656733 /* Release */ = {
			isa = XCBuildConfiguration;
			buildSettings = {
				ASSETCATALOG_COMPILER_APPICON_NAME = AppIcon;
				CODE_SIGN_STYLE = Automatic;
				DEVELOPMENT_TEAM = RJL4W5Y8CA;
				INFOPLIST_FILE = First/Info.plist;
				LD_RUNPATH_SEARCH_PATHS = (
					"$(inherited)",
					"@executable_path/Frameworks",
				);
				PRODUCT_BUNDLE_IDENTIFIER = com.bryancuevas.First;
				PRODUCT_NAME = "$(TARGET_NAME)";
				SWIFT_VERSION = 5.0;
				TARGETED_DEVICE_FAMILY = "1,2";
			};
			name = Release;
		};
		93A02F4A24578FFC00656733 /* Debug */ = {
			isa = XCBuildConfiguration;
			buildSettings = {
				ALWAYS_EMBED_SWIFT_STANDARD_LIBRARIES = YES;
				BUNDLE_LOADER = "$(TEST_HOST)";
				CODE_SIGN_STYLE = Automatic;
				DEVELOPMENT_TEAM = RJL4W5Y8CA;
				INFOPLIST_FILE = FirstTests/Info.plist;
				IPHONEOS_DEPLOYMENT_TARGET = 13.2;
				LD_RUNPATH_SEARCH_PATHS = (
					"$(inherited)",
					"@executable_path/Frameworks",
					"@loader_path/Frameworks",
				);
				PRODUCT_BUNDLE_IDENTIFIER = com.bryancuevas.FirstTests;
				PRODUCT_NAME = "$(TARGET_NAME)";
				SWIFT_VERSION = 5.0;
				TARGETED_DEVICE_FAMILY = "1,2";
				TEST_HOST = "$(BUILT_PRODUCTS_DIR)/First.app/First";
			};
			name = Debug;
		};
		93A02F4B24578FFC00656733 /* Release */ = {
			isa = XCBuildConfiguration;
			buildSettings = {
				ALWAYS_EMBED_SWIFT_STANDARD_LIBRARIES = YES;
				BUNDLE_LOADER = "$(TEST_HOST)";
				CODE_SIGN_STYLE = Automatic;
				DEVELOPMENT_TEAM = RJL4W5Y8CA;
				INFOPLIST_FILE = FirstTests/Info.plist;
				IPHONEOS_DEPLOYMENT_TARGET = 13.2;
				LD_RUNPATH_SEARCH_PATHS = (
					"$(inherited)",
					"@executable_path/Frameworks",
					"@loader_path/Frameworks",
				);
				PRODUCT_BUNDLE_IDENTIFIER = com.bryancuevas.FirstTests;
				PRODUCT_NAME = "$(TARGET_NAME)";
				SWIFT_VERSION = 5.0;
				TARGETED_DEVICE_FAMILY = "1,2";
				TEST_HOST = "$(BUILT_PRODUCTS_DIR)/First.app/First";
			};
			name = Release;
		};
/* End XCBuildConfiguration section */

/* Begin XCConfigurationList section */
		93A02F2224578FFB00656733 /* Build configuration list for PBXProject "First" */ = {
			isa = XCConfigurationList;
			buildConfigurations = (
				93A02F4424578FFC00656733 /* Debug */,
				93A02F4524578FFC00656733 /* Release */,
			);
			defaultConfigurationIsVisible = 0;
			defaultConfigurationName = Release;
		};
		93A02F4624578FFC00656733 /* Build configuration list for PBXNativeTarget "First" */ = {
			isa = XCConfigurationList;
			buildConfigurations = (
				93A02F4724578FFC00656733 /* Debug */,
				93A02F4824578FFC00656733 /* Release */,
			);
			defaultConfigurationIsVisible = 0;
			defaultConfigurationName = Release;
		};
		93A02F4924578FFC00656733 /* Build configuration list for PBXNativeTarget "FirstTests" */ = {
			isa = XCConfigurationList;
			buildConfigurations = (
				93A02F4A24578FFC00656733 /* Debug */,
				93A02F4B24578FFC00656733 /* Release */,
			);
			defaultConfigurationIsVisible = 0;
			defaultConfigurationName = Release;
		};
/* End XCConfigurationList section */
	};
	rootObject = 93A02F1F24578FFB00656733 /* Project object */;
}
